
Microsoft Visual Studio Solution File, Format Version 12.00
# Visual Studio 15
VisualStudioVersion = 15.0.28307.902
MinimumVisualStudioVersion = 10.0.40219.1
Project("{8BC9CEB8-8B4A-11D0-8D11-00A0C91BC942}") = "cheat1", "cheat1\cheat1.vcxproj", "{4974551D-EB96-49FC-AD60-067F9D54658C}"
EndProject
Global
	GlobalSection(SolutionConfigurationPlatforms) = preSolution
		Release|x86 = Release|x86
	EndGlobalSection
	GlobalSection(ProjectConfigurationPlatforms) = postSolution
		{4974551D-EB96-49FC-AD60-067F9D54658C}.Debug|x64.ActiveCfg = Debug|Win32
		{4974551D-EB96-49FC-AD60-067F9D54658C}.Debug|x64.Build.0 = Debug|Win32
		{4974551D-EB96-49FC-AD60-067F9D54658C}.Debug|x86.ActiveCfg = Debug|Win32
		{4974551D-EB96-49FC-AD60-067F9D54658C}.Debug|x86.Build.0 = Debug|Win32
		{4974551D-EB96-49FC-AD60-067F9D54658C}.Release|x64.ActiveCfg = Release|x64
		{4974551D-EB96-49FC-AD60-067F9D54658C}.Release|x64.Build.0 = Release|x64
		{4974551D-EB96-49FC-AD60-067F9D54658C}.Release|x86.ActiveCfg = Release|Win32
		{4974551D-EB96-49FC-AD60-067F9D54658C}.Release|x86.Build.0 = Release|Win32
	EndGlobalSection
	GlobalSection(SolutionProperties) = preSolution
		HideSolutionNode = FALSE
	EndGlobalSection
	GlobalSection(ExtensibilityGlobals) = postSolution
		SolutionGuid = {1D3DF289-F540-4D08-A3D2-9D36C02F19C2}
	EndGlobalSection
EndGlobal
